Microsoft Visual Studio Solution File, Format Version 9.00
# Visual Studio 2005
Project("{FAE04EC0-301F-11D3-BF4B-00C04F79EFBC}") = "Tetris2", "Tetris2.csproj", "{53AA539E-8ED9-43C7-A2ED-62FD91380089}"
EndProject
Global
	GlobalSection(SolutionConfigurationPlatforms) = preSolution
		Debug|Any CPU = Debug|Any CPU
		Release|Any CPU = Release|Any CPU
	EndGlobalSection
	GlobalSection(ProjectConfigurationPlatforms) = postSolution
		{53AA539E-8ED9-43C7-A2ED-62FD91380089}.Debug|Any CPU.ActiveCfg = Debug|Any CPU
		{53AA539E-8ED9-43C7-A2ED-62FD91380089}.Debug|Any CPU.Build.0 = Debug|Any CPU
		{53AA539E-8ED9-43C7-A2ED-62FD91380089}.Release|Any CPU.ActiveCfg = Release|Any CPU
		{53AA539E-8ED9-43C7-A2ED-62FD91380089}.Release|Any CPU.Build.0 = Release|Any CPU
	EndGlobalSection
	GlobalSection(SolutionProperties) = preSolution
		HideSolutionNode = FALSE
	EndGlobalSection
EndGlobal
